<Solution>
  <Project Path="tubepilotaireact.client/tubepilotaireact.client.esproj">
    <Build />
    <Deploy />
  </Project>
  <Project Path="TubePilotAIReact.Server/TubePilotAIReact.Server.csproj" />
  <Project Path="tests/TubePilotAIReact.Server.Tests/TubePilotAIReact.Server.Tests.csproj" />
</Solution>
